PODS:
  - MKCommons (1.12.0):
    - MKLog (~> 0.1.1)
    - PureLayout (~> 2.0.5)
  - MKLog (0.1.1)
  - PureLayout (2.0.5)

DEPENDENCIES:
  - MKCommons (from `../`)

EXTERNAL SOURCES:
  MKCommons:
    :path: "../"

SPEC CHECKSUMS:
  MKCommons: d7450b7a53aa561b95ab624eaec6ad77b46c9460
  MKLog: 4f794acd0f5d557b63bfdb49f59953593be94b0b
  PureLayout: a0fe75f1cf485801e7e00b723b8a3c32dca558e2

COCOAPODS: 0.36.3
