PODS:
  - MKCommons (1.14.1):
    - MKLog (~> 0.1.2)
    - PureLayout (~> 3.0.0)
  - MKLog (0.1.2)
  - PureLayout (3.0.1)

DEPENDENCIES:
  - MKCommons (from `../`)

EXTERNAL SOURCES:
  MKCommons:
    :path: "../"

SPEC CHECKSUMS:
  MKCommons: cedc15027d40ad34da93af4caa377f56b7e37963
  MKLog: 9e714e441dfe2765534e8b3a6a45dc8442aa56c3
  PureLayout: f35f5384c9c4e4479df041dbe33ad7577b71ddfb

PODFILE CHECKSUM: 46b30a4d0702f0f33767ec81b50f6337b915cdd1

COCOAPODS: 1.1.1
